
Microsoft Visual Studio Solution File, Format Version 12.00
# Visual Studio Version 17
VisualStudioVersion = 17.4.33213.308
MinimumVisualStudioVersion = 10.0.40219.1
Project("{FAE04EC0-301F-11D3-BF4B-00C04F79EFBC}") = "GUI", "GUI\GUI.csproj", "{9E419556-5B63-4F01-9D17-2081AE43F4C7}"
EndProject
Global
	GlobalSection(SolutionConfigurationPlatforms) = preSolution
		a|Any CPU = a|Any CPU
		a|x64 = a|x64
		a|x86 = a|x86
		ac|Any CPU = ac|Any CPU
		ac|x64 = ac|x64
		ac|x86 = ac|x86
		Debug|Any CPU = Debug|Any CPU
		Debug|x64 = Debug|x64
		Debug|x86 = Debug|x86
		Release|Any CPU = Release|Any CPU
		Release|x64 = Release|x64
		Release|x86 = Release|x86
	EndGlobalSection
	GlobalSection(ProjectConfigurationPlatforms) = postSolution
		{9E419556-5B63-4F01-9D17-2081AE43F4C7}.a|Any CPU.ActiveCfg = a|Any CPU
		{9E419556-5B63-4F01-9D17-2081AE43F4C7}.a|Any CPU.Build.0 = a|Any CPU
		{9E419556-5B63-4F01-9D17-2081AE43F4C7}.a|x64.ActiveCfg = a|x64
		{9E419556-5B63-4F01-9D17-2081AE43F4C7}.a|x64.Build.0 = a|x64
		{9E419556-5B63-4F01-9D17-2081AE43F4C7}.a|x86.ActiveCfg = a|Any CPU
		{9E419556-5B63-4F01-9D17-2081AE43F4C7}.a|x86.Build.0 = a|Any CPU
		{9E419556-5B63-4F01-9D17-2081AE43F4C7}.ac|Any CPU.ActiveCfg = ac|Any CPU
		{9E419556-5B63-4F01-9D17-2081AE43F4C7}.ac|Any CPU.Build.0 = ac|Any CPU
		{9E419556-5B63-4F01-9D17-2081AE43F4C7}.ac|x64.ActiveCfg = ac|x64
		{9E419556-5B63-4F01-9D17-2081AE43F4C7}.ac|x64.Build.0 = ac|x64
		{9E419556-5B63-4F01-9D17-2081AE43F4C7}.ac|x86.ActiveCfg = ac|Any CPU
		{9E419556-5B63-4F01-9D17-2081AE43F4C7}.ac|x86.Build.0 = ac|Any CPU
		{9E419556-5B63-4F01-9D17-2081AE43F4C7}.Debug|Any CPU.ActiveCfg = Debug|Any CPU
		{9E419556-5B63-4F01-9D17-2081AE43F4C7}.Debug|Any CPU.Build.0 = Debug|Any CPU
		{9E419556-5B63-4F01-9D17-2081AE43F4C7}.Debug|x64.ActiveCfg = Debug|x64
		{9E419556-5B63-4F01-9D17-2081AE43F4C7}.Debug|x64.Build.0 = Debug|x64
		{9E419556-5B63-4F01-9D17-2081AE43F4C7}.Debug|x86.ActiveCfg = Debug|Any CPU
		{9E419556-5B63-4F01-9D17-2081AE43F4C7}.Release|Any CPU.ActiveCfg = Release|Any CPU
		{9E419556-5B63-4F01-9D17-2081AE43F4C7}.Release|Any CPU.Build.0 = Release|Any CPU
		{9E419556-5B63-4F01-9D17-2081AE43F4C7}.Release|x64.ActiveCfg = Release|x64
		{9E419556-5B63-4F01-9D17-2081AE43F4C7}.Release|x64.Build.0 = Release|x64
		{9E419556-5B63-4F01-9D17-2081AE43F4C7}.Release|x86.ActiveCfg = Release|Any CPU
	EndGlobalSection
	GlobalSection(SolutionProperties) = preSolution
		HideSolutionNode = FALSE
	EndGlobalSection
	GlobalSection(ExtensibilityGlobals) = postSolution
		SolutionGuid = {DF9B5D33-9A9C-46E2-A2AC-B26EA2D92A2D}
	EndGlobalSection
EndGlobal
